{
  "requires": true,
  "lockfileVersion": 1,
  "dependencies": {
    "@date-io/core": {
      "version": "1.3.13",
      "resolved": "https://registry.npmjs.org/@date-io/core/-/core-1.3.13.tgz",
      "integrity": "sha512-AlEKV7TxjeK+jxWVKcCFrfYAk8spX9aCyiToFIiLPtfQbsjmRGLIhb5VZgptQcJdHtLXo7+m0DuurwFgUToQuA=="
    },
    "@date-io/dayjs": {
      "version": "1.3.13",
      "resolved": "https://registry.npmjs.org/@date-io/dayjs/-/dayjs-1.3.13.tgz",
      "integrity": "sha512-nD39xWYwQjDMIdpUzHIcADHxY9m1hm1DpOaRn3bc2rBdgmwQC0PfW0WYaHyGGP/6LEzEguINRbHuotMhf+T9Sg==",
      "requires": {
        "@date-io/core": "^1.3.13"
      }
    },
    "dayjs": {
      "version": "1.10.4",
      "resolved": "https://registry.npmjs.org/dayjs/-/dayjs-1.10.4.tgz",
      "integrity": "sha512-RI/Hh4kqRc1UKLOAf/T5zdMMX5DQIlDxwUe3wSyMMnEbGunnpENCdbUgM+dW7kXidZqCttBrmw7BhN4TMddkCw=="
    }
  }
}
